// !$*UTF8*$!
{
	archiveVersion = 1;
	classes = {
	};
	objectVersion = 46;
	objects = {

/* Begin PBXBuildFile section */
		FFD7B12114363B880083C135 /* Foundation.framework in Frameworks */ = {isa = PBXBuildFile; fileRef = FFD7B12014363B880083C135 /* Foundation.framework */; };
		FFD7B12B14363BF20083C135 /* BKDownload.m in Sources */ = {isa = PBXBuildFile; fileRef = FFD7B11214363AF30083C135 /* BKDownload.m */; };
		FFD7B12C14363BF40083C135 /* BKTimer.m in Sources */ = {isa = PBXBuildFile; fileRef = FFD7B11414363AF30083C135 /* BKTimer.m */; };
		FFD7B12E14363C190083C135 /* UIKit.framework in Frameworks */ = {isa = PBXBuildFile; fileRef = FFD7B12D14363C190083C135 /* UIKit.framework */; };
/* End PBXBuildFile section */

/* Begin PBXFileReference section */
		FFD7B11114363AF30083C135 /* BKDownload.h */ = {isa = PBXFileReference; lastKnownFileType = sourcecode.c.h; name = BKDownload.h; path = ../BKDownload.h; sourceTree = "<group>"; };
		FFD7B11214363AF30083C135 /* BKDownload.m */ = {isa = PBXFileReference; lastKnownFileType = sourcecode.c.objc; name = BKDownload.m; path = ../BKDownload.m; sourceTree = "<group>"; };
		FFD7B11314363AF30083C135 /* BKTimer.h */ = {isa = PBXFileReference; lastKnownFileType = sourcecode.c.h; name = BKTimer.h; path = ../BKTimer.h; sourceTree = "<group>"; };
		FFD7B11414363AF30083C135 /* BKTimer.m */ = {isa = PBXFileReference; lastKnownFileType = sourcecode.c.objc; name = BKTimer.m; path = ../BKTimer.m; sourceTree = "<group>"; };
		FFD7B11D14363B880083C135 /* libBlockKit.a */ = {isa = PBXFileReference; explicitFileType = archive.ar; includeInIndex = 0; path = libBlockKit.a; sourceTree = BUILT_PRODUCTS_DIR; };
		FFD7B12014363B880083C135 /* Foundation.framework */ = {isa = PBXFileReference; lastKnownFileType = wrapper.framework; name = Foundation.framework; path = System/Library/Frameworks/Foundation.framework; sourceTree = SDKROOT; };
		FFD7B12414363B880083C135 /* BlockKit-Prefix.pch */ = {isa = PBXFileReference; lastKnownFileType = sourcecode.c.h; path = "BlockKit-Prefix.pch"; sourceTree = "<group>"; };
		FFD7B12514363B880083C135 /* BlockKit.h */ = {isa = PBXFileReference; lastKnownFileType = sourcecode.c.h; path = BlockKit.h; sourceTree = "<group>"; };
		FFD7B12D14363C190083C135 /* UIKit.framework */ = {isa = PBXFileReference; lastKnownFileType = wrapper.framework; name = UIKit.framework; path = Platforms/iPhoneOS.platform/Developer/SDKs/iPhoneOS5.0.sdk/System/Library/Frameworks/UIKit.framework; sourceTree = DEVELOPER_DIR; };
/* End PBXFileReference section */

/* Begin PBXFrameworksBuildPhase section */
		FFD7B11A14363B880083C135 /* Frameworks */ = {
			isa = PBXFrameworksBuildPhase;
			buildActionMask = 2147483647;
			files = (
				FFD7B12E14363C190083C135 /* UIKit.framework in Frameworks */,
				FFD7B12114363B880083C135 /* Foundation.framework in Frameworks */,
			);
			runOnlyForDeploymentPostprocessing = 0;
		};
/* End PBXFrameworksBuildPhase section */

/* Begin PBXGroup section */
		FFD7B10814363AE30083C135 = {
			isa = PBXGroup;
			children = (
				FFD7B12214363B880083C135 /* BlockKit */,
				FFD7B11F14363B880083C135 /* Frameworks */,
				FFD7B11E14363B880083C135 /* Products */,
			);
			sourceTree = "<group>";
		};
		FFD7B11E14363B880083C135 /* Products */ = {
			isa = PBXGroup;
			children = (
				FFD7B11D14363B880083C135 /* libBlockKit.a */,
			);
			name = Products;
			sourceTree = "<group>";
		};
		FFD7B11F14363B880083C135 /* Frameworks */ = {
			isa = PBXGroup;
			children = (
				FFD7B12D14363C190083C135 /* UIKit.framework */,
				FFD7B12014363B880083C135 /* Foundation.framework */,
			);
			name = Frameworks;
			sourceTree = "<group>";
		};
		FFD7B12214363B880083C135 /* BlockKit */ = {
			isa = PBXGroup;
			children = (
				FFD7B12514363B880083C135 /* BlockKit.h */,
				FFD7B11114363AF30083C135 /* BKDownload.h */,
				FFD7B11214363AF30083C135 /* BKDownload.m */,
				FFD7B11314363AF30083C135 /* BKTimer.h */,
				FFD7B11414363AF30083C135 /* BKTimer.m */,
				FFD7B12314363B880083C135 /* Supporting Files */,
			);
			path = BlockKit;
			sourceTree = "<group>";
		};
		FFD7B12314363B880083C135 /* Supporting Files */ = {
			isa = PBXGroup;
			children = (
				FFD7B12414363B880083C135 /* BlockKit-Prefix.pch */,
			);
			name = "Supporting Files";
			sourceTree = "<group>";
		};
/* End PBXGroup section */

/* Begin PBXHeadersBuildPhase section */
		FFD7B11B14363B880083C135 /* Headers */ = {
			isa = PBXHeadersBuildPhase;
			buildActionMask = 2147483647;
			files = (
			);
			runOnlyForDeploymentPostprocessing = 0;
		};
/* End PBXHeadersBuildPhase section */

/* Begin PBXNativeTarget section */
		FFD7B11C14363B880083C135 /* BlockKit */ = {
			isa = PBXNativeTarget;
			buildConfigurationList = FFD7B12814363B880083C135 /* Build configuration list for PBXNativeTarget "BlockKit" */;
			buildPhases = (
				FFD7B11914363B880083C135 /* Sources */,
				FFD7B11A14363B880083C135 /* Frameworks */,
				FFD7B11B14363B880083C135 /* Headers */,
			);
			buildRules = (
			);
			dependencies = (
			);
			name = BlockKit;
			productName = BlockKit;
			productReference = FFD7B11D14363B880083C135 /* libBlockKit.a */;
			productType = "com.apple.product-type.library.static";
		};
/* End PBXNativeTarget section */

/* Begin PBXProject section */
		FFD7B10A14363AE30083C135 /* Project object */ = {
			isa = PBXProject;
			attributes = {
				LastUpgradeCheck = 0420;
				ORGANIZATIONNAME = ITU;
			};
			buildConfigurationList = FFD7B10D14363AE30083C135 /* Build configuration list for PBXProject "BlockKit" */;
			compatibilityVersion = "Xcode 3.2";
			developmentRegion = English;
			hasScannedForEncodings = 0;
			knownRegions = (
				en,
			);
			mainGroup = FFD7B10814363AE30083C135;
			productRefGroup = FFD7B11E14363B880083C135 /* Products */;
			projectDirPath = "";
			projectRoot = "";
			targets = (
				FFD7B11C14363B880083C135 /* BlockKit */,
			);
		};
/* End PBXProject section */

/* Begin PBXSourcesBuildPhase section */
		FFD7B11914363B880083C135 /* Sources */ = {
			isa = PBXSourcesBuildPhase;
			buildActionMask = 2147483647;
			files = (
				FFD7B12C14363BF40083C135 /* BKTimer.m in Sources */,
				FFD7B12B14363BF20083C135 /* BKDownload.m in Sources */,
			);
			runOnlyForDeploymentPostprocessing = 0;
		};
/* End PBXSourcesBuildPhase section */

/* Begin XCBuildConfiguration section */
		FFD7B10F14363AE30083C135 /* Debug */ = {
			isa = XCBuildConfiguration;
			buildSettings = {
			};
			name = Debug;
		};
		FFD7B11014363AE30083C135 /* Release */ = {
			isa = XCBuildConfiguration;
			buildSettings = {
			};
			name = Release;
		};
		FFD7B12914363B880083C135 /* Debug */ = {
			isa = XCBuildConfiguration;
			buildSettings = {
				ALWAYS_SEARCH_USER_PATHS = NO;
				ARCHS = "$(ARCHS_STANDARD_32_BIT)";
				CODE_SIGN_IDENTITY = "iPhone Developer: Ulrik Damm (X45AYMDB46)";
				COPY_PHASE_STRIP = NO;
				DSTROOT = /tmp/BlockKit.dst;
				GCC_C_LANGUAGE_STANDARD = gnu99;
				GCC_DYNAMIC_NO_PIC = NO;
				GCC_OPTIMIZATION_LEVEL = 0;
				GCC_PRECOMPILE_PREFIX_HEADER = YES;
				GCC_PREFIX_HEADER = "BlockKit/BlockKit-Prefix.pch";
				GCC_PREPROCESSOR_DEFINITIONS = (
					"DEBUG=1",
					"$(inherited)",
				);
				GCC_SYMBOLS_PRIVATE_EXTERN = NO;
				GCC_VERSION = com.apple.compilers.llvm.clang.1_0;
				GCC_WARN_ABOUT_MISSING_PROTOTYPES = YES;
				GCC_WARN_ABOUT_RETURN_TYPE = YES;
				GCC_WARN_UNUSED_VARIABLE = YES;
				IPHONEOS_DEPLOYMENT_TARGET = 5.0;
				OTHER_LDFLAGS = "-ObjC";
				PRODUCT_NAME = "$(TARGET_NAME)";
				PROVISIONING_PROFILE = "E39EB3CA-F3FC-48AF-8B08-3669DB4C384C";
				SDKROOT = iphoneos;
				SKIP_INSTALL = YES;
			};
			name = Debug;
		};
		FFD7B12A14363B880083C135 /* Release */ = {
			isa = XCBuildConfiguration;
			buildSettings = {
				ALWAYS_SEARCH_USER_PATHS = NO;
				ARCHS = "$(ARCHS_STANDARD_32_BIT)";
				CODE_SIGN_IDENTITY = "iPhone Developer: Ulrik Damm (X45AYMDB46)";
				COPY_PHASE_STRIP = YES;
				DSTROOT = /tmp/BlockKit.dst;
				GCC_C_LANGUAGE_STANDARD = gnu99;
				GCC_PRECOMPILE_PREFIX_HEADER = YES;
				GCC_PREFIX_HEADER = "BlockKit/BlockKit-Prefix.pch";
				GCC_VERSION = com.apple.compilers.llvm.clang.1_0;
				GCC_WARN_ABOUT_MISSING_PROTOTYPES = YES;
				GCC_WARN_ABOUT_RETURN_TYPE = YES;
				GCC_WARN_UNUSED_VARIABLE = YES;
				IPHONEOS_DEPLOYMENT_TARGET = 5.0;
				OTHER_LDFLAGS = "-ObjC";
				PRODUCT_NAME = "$(TARGET_NAME)";
				PROVISIONING_PROFILE = "E39EB3CA-F3FC-48AF-8B08-3669DB4C384C";
				SDKROOT = iphoneos;
				SKIP_INSTALL = YES;
				VALIDATE_PRODUCT = YES;
			};
			name = Release;
		};
/* End XCBuildConfiguration section */

/* Begin XCConfigurationList section */
		FFD7B10D14363AE30083C135 /* Build configuration list for PBXProject "BlockKit" */ = {
			isa = XCConfigurationList;
			buildConfigurations = (
				FFD7B10F14363AE30083C135 /* Debug */,
				FFD7B11014363AE30083C135 /* Release */,
			);
			defaultConfigurationIsVisible = 0;
			defaultConfigurationName = Release;
		};
		FFD7B12814363B880083C135 /* Build configuration list for PBXNativeTarget "BlockKit" */ = {
			isa = XCConfigurationList;
			buildConfigurations = (
				FFD7B12914363B880083C135 /* Debug */,
				FFD7B12A14363B880083C135 /* Release */,
			);
			defaultConfigurationIsVisible = 0;
		};
/* End XCConfigurationList section */
	};
	rootObject = FFD7B10A14363AE30083C135 /* Project object */;
}
